version: 4
environments:
  default:
    channels:
    - url: https://conda.anaconda.org/conda-forge/
    packages:
      osx-arm64:
      - conda: https://conda.anaconda.org/conda-forge/osx-arm64/rust-1.77.2-h4ff7c5d_0.conda
      - conda: https://conda.anaconda.org/conda-forge/noarch/rust-std-aarch64-apple-darwin-1.77.2-hf6ec828_0.conda
packages:
- kind: conda
  name: rust
  version: 1.77.2
  build: h4ff7c5d_0
  subdir: osx-arm64
  url: https://conda.anaconda.org/conda-forge/osx-arm64/rust-1.77.2-h4ff7c5d_0.conda
  sha256: 048ffabbbbd1b5109d59ec15610cf0e489c39b4f6f380953816bcb26dad8da17
  md5: 4083c1a9d7f5c9591273f578530d6388
  depends:
  - rust-std-aarch64-apple-darwin 1.77.2 hf6ec828_0
  license: MIT
  license_family: MIT
  size: 145759919
  timestamp: 1712743398771
- kind: conda
  name: rust-std-aarch64-apple-darwin
  version: 1.77.2
  build: hf6ec828_0
  subdir: noarch
  noarch: generic
  url: https://conda.anaconda.org/conda-forge/noarch/rust-std-aarch64-apple-darwin-1.77.2-hf6ec828_0.conda
  sha256: 19b17ddca3896f12a640858b45a7ba5e8495ca07286b622535ca5a4bf8217906
  md5: 729f181cdeb249ff2da37f434b548633
  depends:
  - __unix
  constrains:
  - rust >=1.77.2,<1.77.3.0a0
  license: MIT
  license_family: MIT
  size: 30933811
  timestamp: 1712740743456
